Microsoft Visual Studio Solution File, Format Version 12.00
# Visual Studio 2012
Project("{FAE04EC0-301F-11D3-BF4B-00C04F79EFBC}") = "Faithless", "Faithless.csproj", "{3A60E646-0A24-4591-8294-EA1887B72AFD}"
EndProject
Global
	GlobalSection(SolutionConfigurationPlatforms) = preSolution
	Debug|Any CPU = Debug|Any CPU
	ExportDebug|Any CPU = ExportDebug|Any CPU
	ExportRelease|Any CPU = ExportRelease|Any CPU
	EndGlobalSection
	GlobalSection(ProjectConfigurationPlatforms) = postSolution
		{3A60E646-0A24-4591-8294-EA1887B72AFD}.Debug|Any CPU.ActiveCfg = Debug|Any CPU
		{3A60E646-0A24-4591-8294-EA1887B72AFD}.Debug|Any CPU.Build.0 = Debug|Any CPU
		{3A60E646-0A24-4591-8294-EA1887B72AFD}.ExportDebug|Any CPU.ActiveCfg = ExportDebug|Any CPU
		{3A60E646-0A24-4591-8294-EA1887B72AFD}.ExportDebug|Any CPU.Build.0 = ExportDebug|Any CPU
		{3A60E646-0A24-4591-8294-EA1887B72AFD}.ExportRelease|Any CPU.ActiveCfg = ExportRelease|Any CPU
		{3A60E646-0A24-4591-8294-EA1887B72AFD}.ExportRelease|Any CPU.Build.0 = ExportRelease|Any CPU
	EndGlobalSection
EndGlobal
